
Microsoft Visual Studio Solution File, Format Version 12.00
# Visual Studio 14
VisualStudioVersion = 14.0.25420.1
MinimumVisualStudioVersion = 10.0.40219.1
Project("{FAE04EC0-301F-11D3-BF4B-00C04F79EFBC}") = "LocationWebAPISample", "LocationWebAPISample\LocationWebAPISample.csproj", "{4BEE8AAD-DA5F-4F52-80E2-AC997BD74314}"
EndProject
Project("{FAE04EC0-301F-11D3-BF4B-00C04F79EFBC}") = "LocationWebAPISample.Tests", "LocationWebAPISample.Tests\LocationWebAPISample.Tests.csproj", "{3252C513-25BF-4921-9471-D43832CB82B1}"
EndProject
Global
	GlobalSection(SolutionConfigurationPlatforms) = preSolution
		Debug|Any CPU = Debug|Any CPU
		Release|Any CPU = Release|Any CPU
	EndGlobalSection
	GlobalSection(ProjectConfigurationPlatforms) = postSolution
		{4BEE8AAD-DA5F-4F52-80E2-AC997BD74314}.Debug|Any CPU.ActiveCfg = Debug|Any CPU
		{4BEE8AAD-DA5F-4F52-80E2-AC997BD74314}.Debug|Any CPU.Build.0 = Debug|Any CPU
		{4BEE8AAD-DA5F-4F52-80E2-AC997BD74314}.Release|Any CPU.ActiveCfg = Release|Any CPU
		{4BEE8AAD-DA5F-4F52-80E2-AC997BD74314}.Release|Any CPU.Build.0 = Release|Any CPU
		{3252C513-25BF-4921-9471-D43832CB82B1}.Debug|Any CPU.ActiveCfg = Debug|Any CPU
		{3252C513-25BF-4921-9471-D43832CB82B1}.Debug|Any CPU.Build.0 = Debug|Any CPU
		{3252C513-25BF-4921-9471-D43832CB82B1}.Release|Any CPU.ActiveCfg = Release|Any CPU
		{3252C513-25BF-4921-9471-D43832CB82B1}.Release|Any CPU.Build.0 = Release|Any CPU
	EndGlobalSection
	GlobalSection(SolutionProperties) = preSolution
		HideSolutionNode = FALSE
	EndGlobalSection
EndGlobal
